# THIS IS AN AUTOGENERATED FILE. DO NOT EDIT THIS FILE DIRECTLY.
# yarn lockfile v1


blockrpg-core@^1.1.1:
  version "1.1.1"
  resolved "https://registry.yarnpkg.com/blockrpg-core/-/blockrpg-core-1.1.1.tgz#cc441e9257de9bcf9f7a396b4bffd33b2ba8fab9"
  integrity sha512-topOtOA4ipBtHceebn+neL4DOK/WLIM4CnouC2EQZuW5W/RmJwhDavLmUncr9/F1wUR9nx6Y6mwrZFVVQQVjTg==
